
Microsoft Visual Studio Solution File, Format Version 12.00
# Visual Studio Version 16
VisualStudioVersion = 16.0.31728.308
MinimumVisualStudioVersion = 10.0.40219.1
Project("{FAE04EC0-301F-11D3-BF4B-00C04F79EFBC}") = "StudentEnrolment", "StudentEnrolment\StudentEnrolment.csproj", "{D913CB17-F066-42D5-9A0E-57262DD12A07}"
EndProject
Global
	GlobalSection(SolutionConfigurationPlatforms) = preSolution
		Debug|Any CPU = Debug|Any CPU
		Release|Any CPU = Release|Any CPU
	EndGlobalSection
	GlobalSection(ProjectConfigurationPlatforms) = postSolution
		{D913CB17-F066-42D5-9A0E-57262DD12A07}.Debug|Any CPU.ActiveCfg = Debug|Any CPU
		{D913CB17-F066-42D5-9A0E-57262DD12A07}.Debug|Any CPU.Build.0 = Debug|Any CPU
		{D913CB17-F066-42D5-9A0E-57262DD12A07}.Release|Any CPU.ActiveCfg = Release|Any CPU
		{D913CB17-F066-42D5-9A0E-57262DD12A07}.Release|Any CPU.Build.0 = Release|Any CPU
	EndGlobalSection
	GlobalSection(SolutionProperties) = preSolution
		HideSolutionNode = FALSE
	EndGlobalSection
	GlobalSection(ExtensibilityGlobals) = postSolution
		SolutionGuid = {61E04AFA-9C82-4F8B-BEF3-113832BEEAC9}
	EndGlobalSection
EndGlobal
